
Microsoft Visual Studio Solution File, Format Version 11.00
# Visual Studio 2010
Project("{F184B08F-C81C-45F6-A57F-5ABD9991F28F}") = "DesChiffresEtDesLettres", "DesChiffresEtDesLettres.vbproj", "{5DEEFC41-9819-420E-8BC1-05327732BE92}"
EndProject
Global
	GlobalSection(SolutionConfigurationPlatforms) = preSolution
		Debug|Any CPU = Debug|Any CPU
		Release|Any CPU = Release|Any CPU
	EndGlobalSection
	GlobalSection(ProjectConfigurationPlatforms) = postSolution
		{5DEEFC41-9819-420E-8BC1-05327732BE92}.Debug|Any CPU.ActiveCfg = Debug|Any CPU
		{5DEEFC41-9819-420E-8BC1-05327732BE92}.Debug|Any CPU.Build.0 = Debug|Any CPU
		{5DEEFC41-9819-420E-8BC1-05327732BE92}.Release|Any CPU.ActiveCfg = Release|Any CPU
		{5DEEFC41-9819-420E-8BC1-05327732BE92}.Release|Any CPU.Build.0 = Release|Any CPU
	EndGlobalSection
	GlobalSection(SolutionProperties) = preSolution
		HideSolutionNode = FALSE
	EndGlobalSection
EndGlobal
